# THIS IS AN AUTOGENERATED FILE. DO NOT EDIT THIS FILE DIRECTLY.
# yarn lockfile v1


"@babel/runtime-corejs3@^7.12.5":
  version "7.12.13"
  resolved "https://registry.yarnpkg.com/@babel/runtime-corejs3/-/runtime-corejs3-7.12.13.tgz#53d09813b7c20d616caf258e9325550ff701c039"
  integrity sha512-8fSpqYRETHATtNitsCXq8QQbKJP31/KnDl2Wz2Vtui9nKzjss2ysuZtyVsWjBtvkeEFo346gkwjYPab1hvrXkQ==
  dependencies:
    core-js-pure "^3.0.0"
    regenerator-runtime "^0.13.4"

core-js-pure@^3.0.0:
  version "3.8.3"
  resolved "https://registry.yarnpkg.com/core-js-pure/-/core-js-pure-3.8.3.tgz#10e9e3b2592ecaede4283e8f3ad7020811587c02"
  integrity sha512-V5qQZVAr9K0xu7jXg1M7qTEwuxUgqr7dUOezGaNa7i+Xn9oXAU/d1fzqD9ObuwpVQOaorO5s70ckyi1woP9lVA==

fxjs@^0.21.1:
  version "0.21.1"
  resolved "https://registry.yarnpkg.com/fxjs/-/fxjs-0.21.1.tgz#70e27cd8688bb603d8e7e9a9a0f7059c1d367bf8"
  integrity sha512-yxVnMrdIURGTvh8P6uPdIg5cqxcjzm1ms6XZIFo8+ciDNyKqUiq43GntxZBzd9J+SFwR7pxRTZ0PIjcNXNH+OQ==
  dependencies:
    "@babel/runtime-corejs3" "^7.12.5"

regenerator-runtime@^0.13.4:
  version "0.13.7"
  resolved "https://registry.yarnpkg.com/regenerator-runtime/-/regenerator-runtime-0.13.7.tgz#cac2dacc8a1ea675feaabaeb8ae833898ae46f55"
  integrity sha512-a54FxoJDIr27pgf7IgeQGxmqUNYrcV338lf/6gH456HZ/PhX+5BcwHXG9ajESmwe6WRO0tAzRUrRmNONWgkrew==
